
Microsoft Visual Studio Solution File, Format Version 12.00
# Visual Studio Version 17
VisualStudioVersion = 17.8.34408.163
MinimumVisualStudioVersion = 10.0.40219.1
Project("{9A19103F-16F7-4668-BE54-9A1E7A4F7556}") = "IdealWeightCalc", "Day1\IdealWeightCalc.csproj", "{F16F47FC-0394-47AD-B08E-CC04CE40EC55}"
EndProject
Project("{FAE04EC0-301F-11D3-BF4B-00C04F79EFBC}") = "IdealWeightCalcTest", "IdealWeightCalcTest\IdealWeightCalcTest.csproj", "{E242C442-E166-4B98-BB42-97EB911ACF75}"
EndProject
Global
	GlobalSection(SolutionConfigurationPlatforms) = preSolution
		Debug|Any CPU = Debug|Any CPU
		Release|Any CPU = Release|Any CPU
	EndGlobalSection
	GlobalSection(ProjectConfigurationPlatforms) = postSolution
		{F16F47FC-0394-47AD-B08E-CC04CE40EC55}.Debug|Any CPU.ActiveCfg = Debug|Any CPU
		{F16F47FC-0394-47AD-B08E-CC04CE40EC55}.Debug|Any CPU.Build.0 = Debug|Any CPU
		{F16F47FC-0394-47AD-B08E-CC04CE40EC55}.Release|Any CPU.ActiveCfg = Release|Any CPU
		{F16F47FC-0394-47AD-B08E-CC04CE40EC55}.Release|Any CPU.Build.0 = Release|Any CPU
		{E242C442-E166-4B98-BB42-97EB911ACF75}.Debug|Any CPU.ActiveCfg = Debug|Any CPU
		{E242C442-E166-4B98-BB42-97EB911ACF75}.Debug|Any CPU.Build.0 = Debug|Any CPU
		{E242C442-E166-4B98-BB42-97EB911ACF75}.Release|Any CPU.ActiveCfg = Release|Any CPU
		{E242C442-E166-4B98-BB42-97EB911ACF75}.Release|Any CPU.Build.0 = Release|Any CPU
	EndGlobalSection
	GlobalSection(SolutionProperties) = preSolution
		HideSolutionNode = FALSE
	EndGlobalSection
	GlobalSection(ExtensibilityGlobals) = postSolution
		SolutionGuid = {E9601252-8CB7-46F6-AB9B-F2E65E4F75D8}
	EndGlobalSection
EndGlobal
